
Microsoft Visual Studio Solution File, Format Version 12.00
# Visual Studio Version 16
VisualStudioVersion = 16.0.30320.27
MinimumVisualStudioVersion = 10.0.40219.1
Project("{FAE04EC0-301F-11D3-BF4B-00C04F79EFBC}") = "RoutePlannerApi", "RoutePlannerApi\RoutePlannerApi.csproj", "{E6523AF7-1096-49B5-B33A-D4C41544F362}"
EndProject
Project("{FAE04EC0-301F-11D3-BF4B-00C04F79EFBC}") = "Entities", "Entities\Entities.csproj", "{2919079B-101D-465B-A4D3-02B2D1501C2D}"
EndProject
Project("{2150E333-8FDC-42A3-9474-1A3956D46DE8}") = "Infrastructure", "Infrastructure", "{C1EA7CEF-0E46-459D-9FC1-26B4161C848E}"
EndProject
Project("{FAE04EC0-301F-11D3-BF4B-00C04F79EFBC}") = "Infrastructure.Common", "Infrastructure.Common\Infrastructure.Common.csproj", "{4929C586-956A-4C70-A0A8-58C10020F83E}"
EndProject
Project("{FAE04EC0-301F-11D3-BF4B-00C04F79EFBC}") = "Storages", "Storages\Storages.csproj", "{33DC1A51-D5FB-416C-93AA-AC1AD40B9313}"
EndProject
Project("{FAE04EC0-301F-11D3-BF4B-00C04F79EFBC}") = "Infrastructure.Rights", "Infrastructure.Rights\Infrastructure.Rights.csproj", "{6BE7F20A-C6D1-410A-BC67-0B0319955B95}"
EndProject
Project("{FAE04EC0-301F-11D3-BF4B-00C04F79EFBC}") = "Contracts", "Contracts\Contracts.csproj", "{5DB5E7A0-9563-433D-AE0E-B96268988C04}"
EndProject
Project("{2150E333-8FDC-42A3-9474-1A3956D46DE8}") = "GenetiсAlgorithm ", "GenetiсAlgorithm ", "{140E35EC-B17E-4632-989D-D848E442E4DC}"
EndProject
Project("{FAE04EC0-301F-11D3-BF4B-00C04F79EFBC}") = "GeneticAlgorithm.Domain", "GeneticAlgorithm.Domain\GeneticAlgorithm.Domain.csproj", "{C9D8D201-6F5A-4645-8BA1-4194E17ED974}"
EndProject
Project("{FAE04EC0-301F-11D3-BF4B-00C04F79EFBC}") = "GeneticAlgorithm.Contracts", "GeneticAlgorithm.Contracts\GeneticAlgorithm.Contracts.csproj", "{4D246586-5801-45EF-8E8F-8D4843E8502B}"
EndProject
Project("{FAE04EC0-301F-11D3-BF4B-00C04F79EFBC}") = "Infrastructure.Cache", "Infrastructure.Cache\Infrastructure.Cache.csproj", "{6614245D-D753-4836-970F-EE672D61962F}"
EndProject
Project("{FAE04EC0-301F-11D3-BF4B-00C04F79EFBC}") = "GeneticAlgorithm.Tests", "GeneticAlgorithm.Tests\GeneticAlgorithm.Tests.csproj", "{1557D643-6ECB-4248-B282-24B7A09BB1FC}"
EndProject
Project("{FAE04EC0-301F-11D3-BF4B-00C04F79EFBC}") = "RoutePlannerOld", "RoutePlannerOld\RoutePlannerOld.csproj", "{3C1CA87B-902F-4252-AC77-16B5027A77A3}"
EndProject
Project("{FAE04EC0-301F-11D3-BF4B-00C04F79EFBC}") = "RoutePlannerDaemon", "RoutePlannerDaemon\RoutePlannerDaemon.csproj", "{768F6EA2-3A23-45DB-982A-9BFA2860ADAC}"
EndProject
Project("{FAE04EC0-301F-11D3-BF4B-00C04F79EFBC}") = "GoogleMaps.Client", "GoogleMaps.Client\GoogleMaps.Client.csproj", "{85A21DA5-B9DC-4D4A-A28C-AD438A83097D}"
EndProject
Project("{FAE04EC0-301F-11D3-BF4B-00C04F79EFBC}") = "Infrastructure.Cache.Tests", "Infrastructure.Cache.Tests\Infrastructure.Cache.Tests.csproj", "{CCC1D36B-46D6-4C27-B2C2-DFA62EC7BFEE}"
EndProject
Global
	GlobalSection(SolutionConfigurationPlatforms) = preSolution
		Debug|Any CPU = Debug|Any CPU
		Release|Any CPU = Release|Any CPU
	EndGlobalSection
	GlobalSection(ProjectConfigurationPlatforms) = postSolution
		{E6523AF7-1096-49B5-B33A-D4C41544F362}.Debug|Any CPU.ActiveCfg = Debug|Any CPU
		{E6523AF7-1096-49B5-B33A-D4C41544F362}.Debug|Any CPU.Build.0 = Debug|Any CPU
		{E6523AF7-1096-49B5-B33A-D4C41544F362}.Release|Any CPU.ActiveCfg = Release|Any CPU
		{E6523AF7-1096-49B5-B33A-D4C41544F362}.Release|Any CPU.Build.0 = Release|Any CPU
		{2919079B-101D-465B-A4D3-02B2D1501C2D}.Debug|Any CPU.ActiveCfg = Debug|Any CPU
		{2919079B-101D-465B-A4D3-02B2D1501C2D}.Debug|Any CPU.Build.0 = Debug|Any CPU
		{2919079B-101D-465B-A4D3-02B2D1501C2D}.Release|Any CPU.ActiveCfg = Release|Any CPU
		{2919079B-101D-465B-A4D3-02B2D1501C2D}.Release|Any CPU.Build.0 = Release|Any CPU
		{4929C586-956A-4C70-A0A8-58C10020F83E}.Debug|Any CPU.ActiveCfg = Debug|Any CPU
		{4929C586-956A-4C70-A0A8-58C10020F83E}.Debug|Any CPU.Build.0 = Debug|Any CPU
		{4929C586-956A-4C70-A0A8-58C10020F83E}.Release|Any CPU.ActiveCfg = Release|Any CPU
		{4929C586-956A-4C70-A0A8-58C10020F83E}.Release|Any CPU.Build.0 = Release|Any CPU
		{33DC1A51-D5FB-416C-93AA-AC1AD40B9313}.Debug|Any CPU.ActiveCfg = Debug|Any CPU
		{33DC1A51-D5FB-416C-93AA-AC1AD40B9313}.Debug|Any CPU.Build.0 = Debug|Any CPU
		{33DC1A51-D5FB-416C-93AA-AC1AD40B9313}.Release|Any CPU.ActiveCfg = Release|Any CPU
		{33DC1A51-D5FB-416C-93AA-AC1AD40B9313}.Release|Any CPU.Build.0 = Release|Any CPU
		{6BE7F20A-C6D1-410A-BC67-0B0319955B95}.Debug|Any CPU.ActiveCfg = Debug|Any CPU
		{6BE7F20A-C6D1-410A-BC67-0B0319955B95}.Debug|Any CPU.Build.0 = Debug|Any CPU
		{6BE7F20A-C6D1-410A-BC67-0B0319955B95}.Release|Any CPU.ActiveCfg = Release|Any CPU
		{6BE7F20A-C6D1-410A-BC67-0B0319955B95}.Release|Any CPU.Build.0 = Release|Any CPU
		{5DB5E7A0-9563-433D-AE0E-B96268988C04}.Debug|Any CPU.ActiveCfg = Debug|Any CPU
		{5DB5E7A0-9563-433D-AE0E-B96268988C04}.Debug|Any CPU.Build.0 = Debug|Any CPU
		{5DB5E7A0-9563-433D-AE0E-B96268988C04}.Release|Any CPU.ActiveCfg = Release|Any CPU
		{5DB5E7A0-9563-433D-AE0E-B96268988C04}.Release|Any CPU.Build.0 = Release|Any CPU
		{C9D8D201-6F5A-4645-8BA1-4194E17ED974}.Debug|Any CPU.ActiveCfg = Debug|Any CPU
		{C9D8D201-6F5A-4645-8BA1-4194E17ED974}.Debug|Any CPU.Build.0 = Debug|Any CPU
		{C9D8D201-6F5A-4645-8BA1-4194E17ED974}.Release|Any CPU.ActiveCfg = Release|Any CPU
		{C9D8D201-6F5A-4645-8BA1-4194E17ED974}.Release|Any CPU.Build.0 = Release|Any CPU
		{4D246586-5801-45EF-8E8F-8D4843E8502B}.Debug|Any CPU.ActiveCfg = Debug|Any CPU
		{4D246586-5801-45EF-8E8F-8D4843E8502B}.Debug|Any CPU.Build.0 = Debug|Any CPU
		{4D246586-5801-45EF-8E8F-8D4843E8502B}.Release|Any CPU.ActiveCfg = Release|Any CPU
		{4D246586-5801-45EF-8E8F-8D4843E8502B}.Release|Any CPU.Build.0 = Release|Any CPU
		{6614245D-D753-4836-970F-EE672D61962F}.Debug|Any CPU.ActiveCfg = Debug|Any CPU
		{6614245D-D753-4836-970F-EE672D61962F}.Debug|Any CPU.Build.0 = Debug|Any CPU
		{6614245D-D753-4836-970F-EE672D61962F}.Release|Any CPU.ActiveCfg = Release|Any CPU
		{6614245D-D753-4836-970F-EE672D61962F}.Release|Any CPU.Build.0 = Release|Any CPU
		{1557D643-6ECB-4248-B282-24B7A09BB1FC}.Debug|Any CPU.ActiveCfg = Debug|Any CPU
		{1557D643-6ECB-4248-B282-24B7A09BB1FC}.Debug|Any CPU.Build.0 = Debug|Any CPU
		{1557D643-6ECB-4248-B282-24B7A09BB1FC}.Release|Any CPU.ActiveCfg = Release|Any CPU
		{1557D643-6ECB-4248-B282-24B7A09BB1FC}.Release|Any CPU.Build.0 = Release|Any CPU
		{3C1CA87B-902F-4252-AC77-16B5027A77A3}.Debug|Any CPU.ActiveCfg = Debug|Any CPU
		{3C1CA87B-902F-4252-AC77-16B5027A77A3}.Debug|Any CPU.Build.0 = Debug|Any CPU
		{3C1CA87B-902F-4252-AC77-16B5027A77A3}.Release|Any CPU.ActiveCfg = Release|Any CPU
		{3C1CA87B-902F-4252-AC77-16B5027A77A3}.Release|Any CPU.Build.0 = Release|Any CPU
		{768F6EA2-3A23-45DB-982A-9BFA2860ADAC}.Debug|Any CPU.ActiveCfg = Debug|Any CPU
		{768F6EA2-3A23-45DB-982A-9BFA2860ADAC}.Debug|Any CPU.Build.0 = Debug|Any CPU
		{768F6EA2-3A23-45DB-982A-9BFA2860ADAC}.Release|Any CPU.ActiveCfg = Release|Any CPU
		{768F6EA2-3A23-45DB-982A-9BFA2860ADAC}.Release|Any CPU.Build.0 = Release|Any CPU
		{85A21DA5-B9DC-4D4A-A28C-AD438A83097D}.Debug|Any CPU.ActiveCfg = Debug|Any CPU
		{85A21DA5-B9DC-4D4A-A28C-AD438A83097D}.Debug|Any CPU.Build.0 = Debug|Any CPU
		{85A21DA5-B9DC-4D4A-A28C-AD438A83097D}.Release|Any CPU.ActiveCfg = Release|Any CPU
		{85A21DA5-B9DC-4D4A-A28C-AD438A83097D}.Release|Any CPU.Build.0 = Release|Any CPU
		{CCC1D36B-46D6-4C27-B2C2-DFA62EC7BFEE}.Debug|Any CPU.ActiveCfg = Debug|Any CPU
		{CCC1D36B-46D6-4C27-B2C2-DFA62EC7BFEE}.Debug|Any CPU.Build.0 = Debug|Any CPU
		{CCC1D36B-46D6-4C27-B2C2-DFA62EC7BFEE}.Release|Any CPU.ActiveCfg = Release|Any CPU
		{CCC1D36B-46D6-4C27-B2C2-DFA62EC7BFEE}.Release|Any CPU.Build.0 = Release|Any CPU
	EndGlobalSection
	GlobalSection(SolutionProperties) = preSolution
		HideSolutionNode = FALSE
	EndGlobalSection
	GlobalSection(ExtensibilityGlobals) = postSolution
		SolutionGuid = {3D27C489-7A59-41C4-B483-752FFA834ACA}
	EndGlobalSection
	GlobalSection(NestedProjects) = preSolution
		{4929C586-956A-4C70-A0A8-58C10020F83E} = {C1EA7CEF-0E46-459D-9FC1-26B4161C848E}
		{6BE7F20A-C6D1-410A-BC67-0B0319955B95} = {C1EA7CEF-0E46-459D-9FC1-26B4161C848E}
		{C9D8D201-6F5A-4645-8BA1-4194E17ED974} = {140E35EC-B17E-4632-989D-D848E442E4DC}
		{4D246586-5801-45EF-8E8F-8D4843E8502B} = {140E35EC-B17E-4632-989D-D848E442E4DC}
		{6614245D-D753-4836-970F-EE672D61962F} = {C1EA7CEF-0E46-459D-9FC1-26B4161C848E}
		{1557D643-6ECB-4248-B282-24B7A09BB1FC} = {140E35EC-B17E-4632-989D-D848E442E4DC}
		{CCC1D36B-46D6-4C27-B2C2-DFA62EC7BFEE} = {C1EA7CEF-0E46-459D-9FC1-26B4161C848E}
	EndGlobalSection
EndGlobal
